// !$*UTF8*$!
{
	archiveVersion = 1;
	classes = {
	};
	objectVersion = 46;
	objects = {

/* Begin PBXBuildFile section */
		4C542BF21EBF807300CB1C41 /* AppDelegate.swift in Sources */ = {isa = PBXBuildFile; fileRef = 4C542BF11EBF807300CB1C41 /* AppDelegate.swift */; };
		4C542BF41EBF807300CB1C41 /* ViewController.swift in Sources */ = {isa = PBXBuildFile; fileRef = 4C542BF31EBF807300CB1C41 /* ViewController.swift */; };
		4C542BF71EBF807300CB1C41 /* Main.storyboard in Resources */ = {isa = PBXBuildFile; fileRef = 4C542BF51EBF807300CB1C41 /* Main.storyboard */; };
		4C542BF91EBF807300CB1C41 /* Assets.xcassets in Resources */ = {isa = PBXBuildFile; fileRef = 4C542BF81EBF807300CB1C41 /* Assets.xcassets */; };
		4C542BFC1EBF807300CB1C41 /* LaunchScreen.storyboard in Resources */ = {isa = PBXBuildFile; fileRef = 4C542BFA1EBF807300CB1C41 /* LaunchScreen.storyboard */; };
		4C542C061EBF841F00CB1C41 /* FaceView.m in Sources */ = {isa = PBXBuildFile; fileRef = 4C542C051EBF841F00CB1C41 /* FaceView.m */; };
		4C542C081EBF887A00CB1C41 /* BonusLevelView .swift in Sources */ = {isa = PBXBuildFile; fileRef = 4C542C071EBF887A00CB1C41 /* BonusLevelView .swift */; };
/* End PBXBuildFile section */

/* Begin PBXFileReference section */
		4C542BEE1EBF807300CB1C41 /* GG1L2Coffe.app */ = {isa = PBXFileReference; explicitFileType = wrapper.application; includeInIndex = 0; path = GG1L2Coffe.app; sourceTree = BUILT_PRODUCTS_DIR; };
		4C542BF11EBF807300CB1C41 /* AppDelegate.swift */ = {isa = PBXFileReference; lastKnownFileType = sourcecode.swift; path = AppDelegate.swift; sourceTree = "<group>"; };
		4C542BF31EBF807300CB1C41 /* ViewController.swift */ = {isa = PBXFileReference; lastKnownFileType = sourcecode.swift; path = ViewController.swift; sourceTree = "<group>"; };
		4C542BF61EBF807300CB1C41 /* Base */ = {isa = PBXFileReference; lastKnownFileType = file.storyboard; name = Base; path = Base.lproj/Main.storyboard; sourceTree = "<group>"; };
		4C542BF81EBF807300CB1C41 /* Assets.xcassets */ = {isa = PBXFileReference; lastKnownFileType = folder.assetcatalog; path = Assets.xcassets; sourceTree = "<group>"; };
		4C542BFB1EBF807300CB1C41 /* Base */ = {isa = PBXFileReference; lastKnownFileType = file.storyboard; name = Base; path = Base.lproj/LaunchScreen.storyboard; sourceTree = "<group>"; };
		4C542BFD1EBF807300CB1C41 /* Info.plist */ = {isa = PBXFileReference; lastKnownFileType = text.plist.xml; path = Info.plist; sourceTree = "<group>"; };
		4C542C031EBF841F00CB1C41 /* GG1L2Coffe-Bridging-Header.h */ = {isa = PBXFileReference; lastKnownFileType = sourcecode.c.h; path = "GG1L2Coffe-Bridging-Header.h"; sourceTree = "<group>"; };
		4C542C041EBF841F00CB1C41 /* FaceView.h */ = {isa = PBXFileReference; fileEncoding = 4; lastKnownFileType = sourcecode.c.h; path = FaceView.h; sourceTree = "<group>"; };
		4C542C051EBF841F00CB1C41 /* FaceView.m */ = {isa = PBXFileReference; fileEncoding = 4; lastKnownFileType = sourcecode.c.objc; path = FaceView.m; sourceTree = "<group>"; };
		4C542C071EBF887A00CB1C41 /* BonusLevelView .swift */ = {isa = PBXFileReference; fileEncoding = 4; lastKnownFileType = sourcecode.swift; path = "BonusLevelView .swift"; sourceTree = "<group>"; };
/* End PBXFileReference section */

/* Begin PBXFrameworksBuildPhase section */
		4C542BEB1EBF807300CB1C41 /* Frameworks */ = {
			isa = PBXFrameworksBuildPhase;
			buildActionMask = 2147483647;
			files = (
			);
			runOnlyForDeploymentPostprocessing = 0;
		};
/* End PBXFrameworksBuildPhase section */

/* Begin PBXGroup section */
		4C542BE51EBF807200CB1C41 = {
			isa = PBXGroup;
			children = (
				4C542BF01EBF807300CB1C41 /* GG1L2Coffe */,
				4C542BEF1EBF807300CB1C41 /* Products */,
			);
			sourceTree = "<group>";
		};
		4C542BEF1EBF807300CB1C41 /* Products */ = {
			isa = PBXGroup;
			children = (
				4C542BEE1EBF807300CB1C41 /* GG1L2Coffe.app */,
			);
			name = Products;
			sourceTree = "<group>";
		};
		4C542BF01EBF807300CB1C41 /* GG1L2Coffe */ = {
			isa = PBXGroup;
			children = (
				4C542C041EBF841F00CB1C41 /* FaceView.h */,
				4C542C051EBF841F00CB1C41 /* FaceView.m */,
				4C542BF11EBF807300CB1C41 /* AppDelegate.swift */,
				4C542BF31EBF807300CB1C41 /* ViewController.swift */,
				4C542BF51EBF807300CB1C41 /* Main.storyboard */,
				4C542C071EBF887A00CB1C41 /* BonusLevelView .swift */,
				4C542BF81EBF807300CB1C41 /* Assets.xcassets */,
				4C542BFA1EBF807300CB1C41 /* LaunchScreen.storyboard */,
				4C542BFD1EBF807300CB1C41 /* Info.plist */,
				4C542C031EBF841F00CB1C41 /* GG1L2Coffe-Bridging-Header.h */,
			);
			path = GG1L2Coffe;
			sourceTree = "<group>";
		};
/* End PBXGroup section */

/* Begin PBXNativeTarget section */
		4C542BED1EBF807300CB1C41 /* GG1L2Coffe */ = {
			isa = PBXNativeTarget;
			buildConfigurationList = 4C542C001EBF807300CB1C41 /* Build configuration list for PBXNativeTarget "GG1L2Coffe" */;
			buildPhases = (
				4C542BEA1EBF807300CB1C41 /* Sources */,
				4C542BEB1EBF807300CB1C41 /* Frameworks */,
				4C542BEC1EBF807300CB1C41 /* Resources */,
			);
			buildRules = (
			);
			dependencies = (
			);
			name = GG1L2Coffe;
			productName = GG1L2Coffe;
			productReference = 4C542BEE1EBF807300CB1C41 /* GG1L2Coffe.app */;
			productType = "com.apple.product-type.application";
		};
/* End PBXNativeTarget section */

/* Begin PBXProject section */
		4C542BE61EBF807200CB1C41 /* Project object */ = {
			isa = PBXProject;
			attributes = {
				LastSwiftUpdateCheck = 0830;
				LastUpgradeCheck = 0830;
				ORGANIZATIONNAME = "Smoosh Labs";
				TargetAttributes = {
					4C542BED1EBF807300CB1C41 = {
						CreatedOnToolsVersion = 8.3.2;
						LastSwiftMigration = 0830;
						ProvisioningStyle = Automatic;
					};
				};
			};
			buildConfigurationList = 4C542BE91EBF807200CB1C41 /* Build configuration list for PBXProject "GG1L2Coffe" */;
			compatibilityVersion = "Xcode 3.2";
			developmentRegion = English;
			hasScannedForEncodings = 0;
			knownRegions = (
				en,
				Base,
			);
			mainGroup = 4C542BE51EBF807200CB1C41;
			productRefGroup = 4C542BEF1EBF807300CB1C41 /* Products */;
			projectDirPath = "";
			projectRoot = "";
			targets = (
				4C542BED1EBF807300CB1C41 /* GG1L2Coffe */,
			);
		};
/* End PBXProject section */

/* Begin PBXResourcesBuildPhase section */
		4C542BEC1EBF807300CB1C41 /* Resources */ = {
			isa = PBXResourcesBuildPhase;
			buildActionMask = 2147483647;
			files = (
				4C542BFC1EBF807300CB1C41 /* LaunchScreen.storyboard in Resources */,
				4C542BF91EBF807300CB1C41 /* Assets.xcassets in Resources */,
				4C542BF71EBF807300CB1C41 /* Main.storyboard in Resources */,
			);
			runOnlyForDeploymentPostprocessing = 0;
		};
/* End PBXResourcesBuildPhase section */

/* Begin PBXSourcesBuildPhase section */
		4C542BEA1EBF807300CB1C41 /* Sources */ = {
			isa = PBXSourcesBuildPhase;
			buildActionMask = 2147483647;
			files = (
				4C542C061EBF841F00CB1C41 /* FaceView.m in Sources */,
				4C542BF41EBF807300CB1C41 /* ViewController.swift in Sources */,
				4C542C081EBF887A00CB1C41 /* BonusLevelView .swift in Sources */,
				4C542BF21EBF807300CB1C41 /* AppDelegate.swift in Sources */,
			);
			runOnlyForDeploymentPostprocessing = 0;
		};
/* End PBXSourcesBuildPhase section */

/* Begin PBXVariantGroup section */
		4C542BF51EBF807300CB1C41 /* Main.storyboard */ = {
			isa = PBXVariantGroup;
			children = (
				4C542BF61EBF807300CB1C41 /* Base */,
			);
			name = Main.storyboard;
			sourceTree = "<group>";
		};
		4C542BFA1EBF807300CB1C41 /* LaunchScreen.storyboard */ = {
			isa = PBXVariantGroup;
			children = (
				4C542BFB1EBF807300CB1C41 /* Base */,
			);
			name = LaunchScreen.storyboard;
			sourceTree = "<group>";
		};
/* End PBXVariantGroup section */

/* Begin XCBuildConfiguration section */
		4C542BFE1EBF807300CB1C41 /* Debug */ = {
			isa = XCBuildConfiguration;
			buildSettings = {
				ALWAYS_SEARCH_USER_PATHS = NO;
				CLANG_ANALYZER_NONNULL = YES;
				CLANG_ANALYZER_NUMBER_OBJECT_CONVERSION = YES_AGGRESSIVE;
				CLANG_CXX_LANGUAGE_STANDARD = "gnu++0x";
				CLANG_CXX_LIBRARY = "libc++";
				CLANG_ENABLE_MODULES = YES;
				CLANG_ENABLE_OBJC_ARC = YES;
				CLANG_WARN_BOOL_CONVERSION = YES;
				CLANG_WARN_CONSTANT_CONVERSION = YES;
				CLANG_WARN_DIRECT_OBJC_ISA_USAGE = YES_ERROR;
				CLANG_WARN_DOCUMENTATION_COMMENTS = YES;
				CLANG_WARN_EMPTY_BODY = YES;
				CLANG_WARN_ENUM_CONVERSION = YES;
				CLANG_WARN_INFINITE_RECURSION = YES;
				CLANG_WARN_INT_CONVERSION = YES;
				CLANG_WARN_OBJC_ROOT_CLASS = YES_ERROR;
				CLANG_WARN_SUSPICIOUS_MOVE = YES;
				CLANG_WARN_UNREACHABLE_CODE = YES;
				CLANG_WARN__DUPLICATE_METHOD_MATCH = YES;
				"CODE_SIGN_IDENTITY[sdk=iphoneos*]" = "iPhone Developer";
				COPY_PHASE_STRIP = NO;
				DEBUG_INFORMATION_FORMAT = dwarf;
				ENABLE_STRICT_OBJC_MSGSEND = YES;
				ENABLE_TESTABILITY = YES;
				GCC_C_LANGUAGE_STANDARD = gnu99;
				GCC_DYNAMIC_NO_PIC = NO;
				GCC_NO_COMMON_BLOCKS = YES;
				GCC_OPTIMIZATION_LEVEL = 0;
				GCC_PREPROCESSOR_DEFINITIONS = (
					"DEBUG=1",
					"$(inherited)",
				);
				GCC_WARN_64_TO_32_BIT_CONVERSION = YES;
				GCC_WARN_ABOUT_RETURN_TYPE = YES_ERROR;
				GCC_WARN_UNDECLARED_SELECTOR = YES;
				GCC_WARN_UNINITIALIZED_AUTOS = YES_AGGRESSIVE;
				GCC_WARN_UNUSED_FUNCTION = YES;
				GCC_WARN_UNUSED_VARIABLE = YES;
				IPHONEOS_DEPLOYMENT_TARGET = 10.3;
				MTL_ENABLE_DEBUG_INFO = YES;
				ONLY_ACTIVE_ARCH = YES;
				SDKROOT = iphoneos;
				SWIFT_ACTIVE_COMPILATION_CONDITIONS = DEBUG;
				SWIFT_OPTIMIZATION_LEVEL = "-Onone";
				TARGETED_DEVICE_FAMILY = "1,2";
			};
			name = Debug;
		};
		4C542BFF1EBF807300CB1C41 /* Release */ = {
			isa = XCBuildConfiguration;
			buildSettings = {
				ALWAYS_SEARCH_USER_PATHS = NO;
				CLANG_ANALYZER_NONNULL = YES;
				CLANG_ANALYZER_NUMBER_OBJECT_CONVERSION = YES_AGGRESSIVE;
				CLANG_CXX_LANGUAGE_STANDARD = "gnu++0x";
				CLANG_CXX_LIBRARY = "libc++";
				CLANG_ENABLE_MODULES = YES;
				CLANG_ENABLE_OBJC_ARC = YES;
				CLANG_WARN_BOOL_CONVERSION = YES;
				CLANG_WARN_CONSTANT_CONVERSION = YES;
				CLANG_WARN_DIRECT_OBJC_ISA_USAGE = YES_ERROR;
				CLANG_WARN_DOCUMENTATION_COMMENTS = YES;
				CLANG_WARN_EMPTY_BODY = YES;
				CLANG_WARN_ENUM_CONVERSION = YES;
				CLANG_WARN_INFINITE_RECURSION = YES;
				CLANG_WARN_INT_CONVERSION = YES;
				CLANG_WARN_OBJC_ROOT_CLASS = YES_ERROR;
				CLANG_WARN_SUSPICIOUS_MOVE = YES;
				CLANG_WARN_UNREACHABLE_CODE = YES;
				CLANG_WARN__DUPLICATE_METHOD_MATCH = YES;
				"CODE_SIGN_IDENTITY[sdk=iphoneos*]" = "iPhone Developer";
				COPY_PHASE_STRIP = NO;
				DEBUG_INFORMATION_FORMAT = "dwarf-with-dsym";
				ENABLE_NS_ASSERTIONS = NO;
				ENABLE_STRICT_OBJC_MSGSEND = YES;
				GCC_C_LANGUAGE_STANDARD = gnu99;
				GCC_NO_COMMON_BLOCKS = YES;
				GCC_WARN_64_TO_32_BIT_CONVERSION = YES;
				GCC_WARN_ABOUT_RETURN_TYPE = YES_ERROR;
				GCC_WARN_UNDECLARED_SELECTOR = YES;
				GCC_WARN_UNINITIALIZED_AUTOS = YES_AGGRESSIVE;
				GCC_WARN_UNUSED_FUNCTION = YES;
				GCC_WARN_UNUSED_VARIABLE = YES;
				IPHONEOS_DEPLOYMENT_TARGET = 10.3;
				MTL_ENABLE_DEBUG_INFO = NO;
				SDKROOT = iphoneos;
				SWIFT_OPTIMIZATION_LEVEL = "-Owholemodule";
				TARGETED_DEVICE_FAMILY = "1,2";
				VALIDATE_PRODUCT = YES;
			};
			name = Release;
		};
		4C542C011EBF807300CB1C41 /* Debug */ = {
			isa = XCBuildConfiguration;
			buildSettings = {
				ASSETCATALOG_COMPILER_APPICON_NAME = AppIcon;
				CLANG_ENABLE_MODULES = YES;
				INFOPLIST_FILE = GG1L2Coffe/Info.plist;
				LD_RUNPATH_SEARCH_PATHS = "$(inherited) @executable_path/Frameworks";
				PRODUCT_BUNDLE_IDENTIFIER = SmooshLabs.GG1L2Coffe;
				PRODUCT_NAME = "$(TARGET_NAME)";
				SWIFT_OBJC_BRIDGING_HEADER = "GG1L2Coffe/GG1L2Coffe-Bridging-Header.h";
				SWIFT_OPTIMIZATION_LEVEL = "-Onone";
				SWIFT_VERSION = 3.0;
			};
			name = Debug;
		};
		4C542C021EBF807300CB1C41 /* Release */ = {
			isa = XCBuildConfiguration;
			buildSettings = {
				ASSETCATALOG_COMPILER_APPICON_NAME = AppIcon;
				CLANG_ENABLE_MODULES = YES;
				INFOPLIST_FILE = GG1L2Coffe/Info.plist;
				LD_RUNPATH_SEARCH_PATHS = "$(inherited) @executable_path/Frameworks";
				PRODUCT_BUNDLE_IDENTIFIER = SmooshLabs.GG1L2Coffe;
				PRODUCT_NAME = "$(TARGET_NAME)";
				SWIFT_OBJC_BRIDGING_HEADER = "GG1L2Coffe/GG1L2Coffe-Bridging-Header.h";
				SWIFT_VERSION = 3.0;
			};
			name = Release;
		};
/* End XCBuildConfiguration section */

/* Begin XCConfigurationList section */
		4C542BE91EBF807200CB1C41 /* Build configuration list for PBXProject "GG1L2Coffe" */ = {
			isa = XCConfigurationList;
			buildConfigurations = (
				4C542BFE1EBF807300CB1C41 /* Debug */,
				4C542BFF1EBF807300CB1C41 /* Release */,
			);
			defaultConfigurationIsVisible = 0;
			defaultConfigurationName = Release;
		};
		4C542C001EBF807300CB1C41 /* Build configuration list for PBXNativeTarget "GG1L2Coffe" */ = {
			isa = XCConfigurationList;
			buildConfigurations = (
				4C542C011EBF807300CB1C41 /* Debug */,
				4C542C021EBF807300CB1C41 /* Release */,
			);
			defaultConfigurationIsVisible = 0;
		};
/* End XCConfigurationList section */
	};
	rootObject = 4C542BE61EBF807200CB1C41 /* Project object */;
}
